
Microsoft Visual Studio Solution File, Format Version 12.00
# Visual Studio Version 17
VisualStudioVersion = 17.8.34511.84
MinimumVisualStudioVersion = 10.0.40219.1
Project("{FAE04EC0-301F-11D3-BF4B-00C04F79EFBC}") = "WinFormUI", "WinFormUI\WinFormUI.csproj", "{CAB459CC-3E30-417C-AD1C-F4BBEF2E037D}"
EndProject
Project("{FAE04EC0-301F-11D3-BF4B-00C04F79EFBC}") = "Business", "Business\Business.csproj", "{E36676F3-B57B-4B5F-A50A-4E4BDD91FE20}"
EndProject
Project("{FAE04EC0-301F-11D3-BF4B-00C04F79EFBC}") = "Core", "Core\Core.csproj", "{6E7982E0-3617-49D8-983D-4D476026A265}"
EndProject
Project("{FAE04EC0-301F-11D3-BF4B-00C04F79EFBC}") = "Entities", "Entities\Entities.csproj", "{2DDBBDBF-20C0-411E-8D8B-41DF7759696F}"
EndProject
Project("{FAE04EC0-301F-11D3-BF4B-00C04F79EFBC}") = "DataAccess", "DataAccess\DataAccess.csproj", "{465B8125-C455-47C2-994F-F17A55464CF9}"
EndProject
Global
	GlobalSection(SolutionConfigurationPlatforms) = preSolution
		Debug|Any CPU = Debug|Any CPU
		Release|Any CPU = Release|Any CPU
	EndGlobalSection
	GlobalSection(ProjectConfigurationPlatforms) = postSolution
		{CAB459CC-3E30-417C-AD1C-F4BBEF2E037D}.Debug|Any CPU.ActiveCfg = Debug|Any CPU
		{CAB459CC-3E30-417C-AD1C-F4BBEF2E037D}.Debug|Any CPU.Build.0 = Debug|Any CPU
		{CAB459CC-3E30-417C-AD1C-F4BBEF2E037D}.Release|Any CPU.ActiveCfg = Release|Any CPU
		{CAB459CC-3E30-417C-AD1C-F4BBEF2E037D}.Release|Any CPU.Build.0 = Release|Any CPU
		{E36676F3-B57B-4B5F-A50A-4E4BDD91FE20}.Debug|Any CPU.ActiveCfg = Debug|Any CPU
		{E36676F3-B57B-4B5F-A50A-4E4BDD91FE20}.Debug|Any CPU.Build.0 = Debug|Any CPU
		{E36676F3-B57B-4B5F-A50A-4E4BDD91FE20}.Release|Any CPU.ActiveCfg = Release|Any CPU
		{E36676F3-B57B-4B5F-A50A-4E4BDD91FE20}.Release|Any CPU.Build.0 = Release|Any CPU
		{6E7982E0-3617-49D8-983D-4D476026A265}.Debug|Any CPU.ActiveCfg = Debug|Any CPU
		{6E7982E0-3617-49D8-983D-4D476026A265}.Debug|Any CPU.Build.0 = Debug|Any CPU
		{6E7982E0-3617-49D8-983D-4D476026A265}.Release|Any CPU.ActiveCfg = Release|Any CPU
		{6E7982E0-3617-49D8-983D-4D476026A265}.Release|Any CPU.Build.0 = Release|Any CPU
		{2DDBBDBF-20C0-411E-8D8B-41DF7759696F}.Debug|Any CPU.ActiveCfg = Debug|Any CPU
		{2DDBBDBF-20C0-411E-8D8B-41DF7759696F}.Debug|Any CPU.Build.0 = Debug|Any CPU
		{2DDBBDBF-20C0-411E-8D8B-41DF7759696F}.Release|Any CPU.ActiveCfg = Release|Any CPU
		{2DDBBDBF-20C0-411E-8D8B-41DF7759696F}.Release|Any CPU.Build.0 = Release|Any CPU
		{465B8125-C455-47C2-994F-F17A55464CF9}.Debug|Any CPU.ActiveCfg = Debug|Any CPU
		{465B8125-C455-47C2-994F-F17A55464CF9}.Debug|Any CPU.Build.0 = Debug|Any CPU
		{465B8125-C455-47C2-994F-F17A55464CF9}.Release|Any CPU.ActiveCfg = Release|Any CPU
		{465B8125-C455-47C2-994F-F17A55464CF9}.Release|Any CPU.Build.0 = Release|Any CPU
	EndGlobalSection
	GlobalSection(SolutionProperties) = preSolution
		HideSolutionNode = FALSE
	EndGlobalSection
	GlobalSection(ExtensibilityGlobals) = postSolution
		SolutionGuid = {0D179FE5-7FAC-499A-B52B-645E142600B7}
	EndGlobalSection
EndGlobal
